
Microsoft Visual Studio Solution File, Format Version 12.00
# Visual Studio Version 17
VisualStudioVersion = 17.14.36414.22
MinimumVisualStudioVersion = 10.0.40219.1
Project("{FAE04EC0-301F-11D3-BF4B-00C04F79EFBC}") = "AtmApplication.ConsoleUI", "AtmApplication.ConsoleUI\AtmApplication.ConsoleUI.csproj", "{B37F976D-894D-4C63-9C40-77F8BFD2425F}"
EndProject
Project("{FAE04EC0-301F-11D3-BF4B-00C04F79EFBC}") = "AtmApplication.Backend", "AtmApplication.Backend\AtmApplication.Backend.csproj", "{6B91AB5B-910F-48AB-A009-1AEC7133A7A0}"
EndProject
Project("{FAE04EC0-301F-11D3-BF4B-00C04F79EFBC}") = "AtmApplication.DataAccess", "AtmApplication.DataAccess\AtmApplication.DataAccess.csproj", "{2913C054-091D-4FA5-B44E-823210A20777}"
EndProject
Global
	GlobalSection(SolutionConfigurationPlatforms) = preSolution
		Debug|Any CPU = Debug|Any CPU
		Release|Any CPU = Release|Any CPU
	EndGlobalSection
	GlobalSection(ProjectConfigurationPlatforms) = postSolution
		{B37F976D-894D-4C63-9C40-77F8BFD2425F}.Debug|Any CPU.ActiveCfg = Debug|Any CPU
		{B37F976D-894D-4C63-9C40-77F8BFD2425F}.Debug|Any CPU.Build.0 = Debug|Any CPU
		{B37F976D-894D-4C63-9C40-77F8BFD2425F}.Release|Any CPU.ActiveCfg = Release|Any CPU
		{B37F976D-894D-4C63-9C40-77F8BFD2425F}.Release|Any CPU.Build.0 = Release|Any CPU
		{6B91AB5B-910F-48AB-A009-1AEC7133A7A0}.Debug|Any CPU.ActiveCfg = Debug|Any CPU
		{6B91AB5B-910F-48AB-A009-1AEC7133A7A0}.Debug|Any CPU.Build.0 = Debug|Any CPU
		{6B91AB5B-910F-48AB-A009-1AEC7133A7A0}.Release|Any CPU.ActiveCfg = Release|Any CPU
		{6B91AB5B-910F-48AB-A009-1AEC7133A7A0}.Release|Any CPU.Build.0 = Release|Any CPU
		{2913C054-091D-4FA5-B44E-823210A20777}.Debug|Any CPU.ActiveCfg = Debug|Any CPU
		{2913C054-091D-4FA5-B44E-823210A20777}.Debug|Any CPU.Build.0 = Debug|Any CPU
		{2913C054-091D-4FA5-B44E-823210A20777}.Release|Any CPU.ActiveCfg = Release|Any CPU
		{2913C054-091D-4FA5-B44E-823210A20777}.Release|Any CPU.Build.0 = Release|Any CPU
	EndGlobalSection
	GlobalSection(SolutionProperties) = preSolution
		HideSolutionNode = FALSE
	EndGlobalSection
	GlobalSection(ExtensibilityGlobals) = postSolution
		SolutionGuid = {9DDD7AAE-1B10-44BB-B517-BD30C3298FEE}
	EndGlobalSection
EndGlobal
